
Microsoft Visual Studio Solution File, Format Version 12.00
Project("{FAE04EC0-301F-11D3-BF4B-00C04F79EFBC}") = "Lesson_1_Introduction", "Lesson_1_Introduction\Lesson_1_Introduction.csproj", "{BADD88A8-EEBF-43A9-82DB-0912C69756BD}"
EndProject
Global
	GlobalSection(SolutionConfigurationPlatforms) = preSolution
		Debug|Any CPU = Debug|Any CPU
		Release|Any CPU = Release|Any CPU
	EndGlobalSection
	GlobalSection(ProjectConfigurationPlatforms) = postSolution
		{BADD88A8-EEBF-43A9-82DB-0912C69756BD}.Debug|Any CPU.ActiveCfg = Debug|Any CPU
		{BADD88A8-EEBF-43A9-82DB-0912C69756BD}.Debug|Any CPU.Build.0 = Debug|Any CPU
		{BADD88A8-EEBF-43A9-82DB-0912C69756BD}.Release|Any CPU.ActiveCfg = Release|Any CPU
		{BADD88A8-EEBF-43A9-82DB-0912C69756BD}.Release|Any CPU.Build.0 = Release|Any CPU
	EndGlobalSection
EndGlobal
